{
  "lockfileVersion": 1,
  "configVersion": 1,
  "workspaces": {
    "": {
      "name": "cryptsk-radius-service",
      "dependencies": {
        "@prisma/client": "latest",
      },
    },
  },
  "packages": {
    "@prisma/client": ["@prisma/client@7.7.0", "", { "dependencies": { "@prisma/client-runtime-utils": "7.7.0" }, "peerDependencies": { "prisma": "*", "typescript": ">=5.4.0" }, "optionalPeers": ["prisma", "typescript"] }, "sha512-5Ar4OsZpJ54s21sy5oDNNW9gQtd4NuxCaiM7+JDTOU07D6VvlpLjYzAVCMB1+JzokN+08dAVomlx+b7bhJd3ww=="],

    "@prisma/client-runtime-utils": ["@prisma/client-runtime-utils@7.7.0", "", {}, "sha512-BLyd0UpFYOtyJFTHm7jS9vesHW7P83abibodQMiIofqjBKzDHQ1VAsQkdfvXyYDkPlONPfOTz7/rv3x/+CQqvQ=="],
  }
}
